// !$*UTF8*$!
{
	archiveVersion = 1;
	classes = {
	};
	objectVersion = 46;
	objects = {

/* Begin PBXBuildFile section */
		53C4BB8F1E01958700F39D97 /* AppDelegate.swift in Sources */ = {isa = PBXBuildFile; fileRef = 53C4BB8E1E01958700F39D97 /* AppDelegate.swift */; };
		53C4BB911E01958700F39D97 /* SignInViewController.swift in Sources */ = {isa = PBXBuildFile; fileRef = 53C4BB901E01958700F39D97 /* SignInViewController.swift */; };
		53C4BB941E01958700F39D97 /* Main.storyboard in Resources */ = {isa = PBXBuildFile; fileRef = 53C4BB921E01958700F39D97 /* Main.storyboard */; };
		53C4BB961E01958700F39D97 /* Assets.xcassets in Resources */ = {isa = PBXBuildFile; fileRef = 53C4BB951E01958700F39D97 /* Assets.xcassets */; };
		53C4BB991E01958700F39D97 /* LaunchScreen.storyboard in Resources */ = {isa = PBXBuildFile; fileRef = 53C4BB971E01958700F39D97 /* LaunchScreen.storyboard */; };
		53C4BBA51E01968A00F39D97 /* Fabric.framework in Frameworks */ = {isa = PBXBuildFile; fileRef = 53C4BBA11E01968A00F39D97 /* Fabric.framework */; };
		53C4BBA61E01968A00F39D97 /* TwitterKit.framework in Frameworks */ = {isa = PBXBuildFile; fileRef = 53C4BBA21E01968A00F39D97 /* TwitterKit.framework */; };
		53C4BBA71E01968A00F39D97 /* TwitterKitResources.bundle in Resources */ = {isa = PBXBuildFile; fileRef = 53C4BBA31E01968A00F39D97 /* TwitterKitResources.bundle */; };
		53C4BBA81E01968A00F39D97 /* TwitterCore.framework in Frameworks */ = {isa = PBXBuildFile; fileRef = 53C4BBA41E01968A00F39D97 /* TwitterCore.framework */; };
		53C4BBB31E01DC4400F39D97 /* TimelineViewController.swift in Sources */ = {isa = PBXBuildFile; fileRef = 53C4BBB21E01DC4400F39D97 /* TimelineViewController.swift */; };
		53E9DC091E031E9400DCC42D /* ListsTableViewController.swift in Sources */ = {isa = PBXBuildFile; fileRef = 53E9DC081E031E9400DCC42D /* ListsTableViewController.swift */; };
/* End PBXBuildFile section */

/* Begin PBXFileReference section */
		53C4BB8B1E01958700F39D97 /* Hummingbird.app */ = {isa = PBXFileReference; explicitFileType = wrapper.application; includeInIndex = 0; path = Hummingbird.app; sourceTree = BUILT_PRODUCTS_DIR; };
		53C4BB8E1E01958700F39D97 /* AppDelegate.swift */ = {isa = PBXFileReference; lastKnownFileType = sourcecode.swift; path = AppDelegate.swift; sourceTree = "<group>"; };
		53C4BB901E01958700F39D97 /* SignInViewController.swift */ = {isa = PBXFileReference; lastKnownFileType = sourcecode.swift; path = SignInViewController.swift; sourceTree = "<group>"; };
		53C4BB931E01958700F39D97 /* Base */ = {isa = PBXFileReference; lastKnownFileType = file.storyboard; name = Base; path = Base.lproj/Main.storyboard; sourceTree = "<group>"; };
		53C4BB951E01958700F39D97 /* Assets.xcassets */ = {isa = PBXFileReference; lastKnownFileType = folder.assetcatalog; path = Assets.xcassets; sourceTree = "<group>"; };
		53C4BB981E01958700F39D97 /* Base */ = {isa = PBXFileReference; lastKnownFileType = file.storyboard; name = Base; path = Base.lproj/LaunchScreen.storyboard; sourceTree = "<group>"; };
		53C4BB9A1E01958700F39D97 /* Info.plist */ = {isa = PBXFileReference; lastKnownFileType = text.plist.xml; path = Info.plist; sourceTree = "<group>"; };
		53C4BBA11E01968A00F39D97 /* Fabric.framework */ = {isa = PBXFileReference; lastKnownFileType = wrapper.framework; path = Fabric.framework; sourceTree = SOURCE_ROOT; };
		53C4BBA21E01968A00F39D97 /* TwitterKit.framework */ = {isa = PBXFileReference; lastKnownFileType = wrapper.framework; path = TwitterKit.framework; sourceTree = SOURCE_ROOT; };
		53C4BBA31E01968A00F39D97 /* TwitterKitResources.bundle */ = {isa = PBXFileReference; lastKnownFileType = "wrapper.plug-in"; name = TwitterKitResources.bundle; path = TwitterKit.framework/Versions/A/Resources/TwitterKitResources.bundle; sourceTree = SOURCE_ROOT; };
		53C4BBA41E01968A00F39D97 /* TwitterCore.framework */ = {isa = PBXFileReference; lastKnownFileType = wrapper.framework; path = TwitterCore.framework; sourceTree = SOURCE_ROOT; };
		53C4BBB21E01DC4400F39D97 /* TimelineViewController.swift */ = {isa = PBXFileReference; fileEncoding = 4; lastKnownFileType = sourcecode.swift; path = TimelineViewController.swift; sourceTree = "<group>"; };
		53E9DC081E031E9400DCC42D /* ListsTableViewController.swift */ = {isa = PBXFileReference; fileEncoding = 4; lastKnownFileType = sourcecode.swift; path = ListsTableViewController.swift; sourceTree = "<group>"; };
/* End PBXFileReference section */

/* Begin PBXFrameworksBuildPhase section */
		53C4BB881E01958700F39D97 /* Frameworks */ = {
			isa = PBXFrameworksBuildPhase;
			buildActionMask = 2147483647;
			files = (
				53C4BBA51E01968A00F39D97 /* Fabric.framework in Frameworks */,
				53C4BBA81E01968A00F39D97 /* TwitterCore.framework in Frameworks */,
				53C4BBA61E01968A00F39D97 /* TwitterKit.framework in Frameworks */,
			);
			runOnlyForDeploymentPostprocessing = 0;
		};
/* End PBXFrameworksBuildPhase section */

/* Begin PBXGroup section */
		53C4BB821E01958700F39D97 = {
			isa = PBXGroup;
			children = (
				53C4BB8D1E01958700F39D97 /* Hummingbird */,
				53C4BB8C1E01958700F39D97 /* Products */,
			);
			sourceTree = "<group>";
		};
		53C4BB8C1E01958700F39D97 /* Products */ = {
			isa = PBXGroup;
			children = (
				53C4BB8B1E01958700F39D97 /* Hummingbird.app */,
			);
			name = Products;
			sourceTree = "<group>";
		};
		53C4BB8D1E01958700F39D97 /* Hummingbird */ = {
			isa = PBXGroup;
			children = (
				53C4BBAB1E01AD6700F39D97 /* ViewControllers */,
				53C4BB8E1E01958700F39D97 /* AppDelegate.swift */,
				53C4BB921E01958700F39D97 /* Main.storyboard */,
				53C4BB951E01958700F39D97 /* Assets.xcassets */,
				53C4BB971E01958700F39D97 /* LaunchScreen.storyboard */,
				53C4BB9A1E01958700F39D97 /* Info.plist */,
				53C4BBA11E01968A00F39D97 /* Fabric.framework */,
				53C4BBA21E01968A00F39D97 /* TwitterKit.framework */,
				53C4BBA31E01968A00F39D97 /* TwitterKitResources.bundle */,
				53C4BBA41E01968A00F39D97 /* TwitterCore.framework */,
			);
			path = Hummingbird;
			sourceTree = "<group>";
		};
		53C4BBAB1E01AD6700F39D97 /* ViewControllers */ = {
			isa = PBXGroup;
			children = (
				53E9DC081E031E9400DCC42D /* ListsTableViewController.swift */,
				53C4BB901E01958700F39D97 /* SignInViewController.swift */,
				53C4BBB21E01DC4400F39D97 /* TimelineViewController.swift */,
			);
			name = ViewControllers;
			sourceTree = "<group>";
		};
/* End PBXGroup section */

/* Begin PBXNativeTarget section */
		53C4BB8A1E01958700F39D97 /* Hummingbird */ = {
			isa = PBXNativeTarget;
			buildConfigurationList = 53C4BB9D1E01958700F39D97 /* Build configuration list for PBXNativeTarget "Hummingbird" */;
			buildPhases = (
				53C4BB871E01958700F39D97 /* Sources */,
				53C4BB881E01958700F39D97 /* Frameworks */,
				53C4BB891E01958700F39D97 /* Resources */,
				53C4BBA01E01963200F39D97 /* ShellScript */,
			);
			buildRules = (
			);
			dependencies = (
			);
			name = Hummingbird;
			productName = Hummingbird;
			productReference = 53C4BB8B1E01958700F39D97 /* Hummingbird.app */;
			productType = "com.apple.product-type.application";
		};
/* End PBXNativeTarget section */

/* Begin PBXProject section */
		53C4BB831E01958700F39D97 /* Project object */ = {
			isa = PBXProject;
			attributes = {
				LastSwiftUpdateCheck = 0810;
				LastUpgradeCheck = 0810;
				ORGANIZATIONNAME = "Xiang Cai";
				TargetAttributes = {
					53C4BB8A1E01958700F39D97 = {
						CreatedOnToolsVersion = 8.1;
						ProvisioningStyle = Automatic;
					};
				};
			};
			buildConfigurationList = 53C4BB861E01958700F39D97 /* Build configuration list for PBXProject "Hummingbird" */;
			compatibilityVersion = "Xcode 3.2";
			developmentRegion = English;
			hasScannedForEncodings = 0;
			knownRegions = (
				en,
				Base,
			);
			mainGroup = 53C4BB821E01958700F39D97;
			productRefGroup = 53C4BB8C1E01958700F39D97 /* Products */;
			projectDirPath = "";
			projectRoot = "";
			targets = (
				53C4BB8A1E01958700F39D97 /* Hummingbird */,
			);
		};
/* End PBXProject section */

/* Begin PBXResourcesBuildPhase section */
		53C4BB891E01958700F39D97 /* Resources */ = {
			isa = PBXResourcesBuildPhase;
			buildActionMask = 2147483647;
			files = (
				53C4BBA71E01968A00F39D97 /* TwitterKitResources.bundle in Resources */,
				53C4BB991E01958700F39D97 /* LaunchScreen.storyboard in Resources */,
				53C4BB961E01958700F39D97 /* Assets.xcassets in Resources */,
				53C4BB941E01958700F39D97 /* Main.storyboard in Resources */,
			);
			runOnlyForDeploymentPostprocessing = 0;
		};
/* End PBXResourcesBuildPhase section */

/* Begin PBXShellScriptBuildPhase section */
		53C4BBA01E01963200F39D97 /* ShellScript */ = {
			isa = PBXShellScriptBuildPhase;
			buildActionMask = 2147483647;
			files = (
			);
			inputPaths = (
			);
			outputPaths = (
			);
			runOnlyForDeploymentPostprocessing = 0;
			shellPath = /bin/sh;
			shellScript = "./Fabric.framework/run 19f1538c09303b328f95a19107dbf8045c2ce3bf 2845dbf4b88c262150d943f6aa91770b591eb0212e9fa6d6010fa7a6c3cc26a5";
		};
/* End PBXShellScriptBuildPhase section */

/* Begin PBXSourcesBuildPhase section */
		53C4BB871E01958700F39D97 /* Sources */ = {
			isa = PBXSourcesBuildPhase;
			buildActionMask = 2147483647;
			files = (
				53C4BB911E01958700F39D97 /* SignInViewController.swift in Sources */,
				53E9DC091E031E9400DCC42D /* ListsTableViewController.swift in Sources */,
				53C4BB8F1E01958700F39D97 /* AppDelegate.swift in Sources */,
				53C4BBB31E01DC4400F39D97 /* TimelineViewController.swift in Sources */,
			);
			runOnlyForDeploymentPostprocessing = 0;
		};
/* End PBXSourcesBuildPhase section */

/* Begin PBXVariantGroup section */
		53C4BB921E01958700F39D97 /* Main.storyboard */ = {
			isa = PBXVariantGroup;
			children = (
				53C4BB931E01958700F39D97 /* Base */,
			);
			name = Main.storyboard;
			sourceTree = "<group>";
		};
		53C4BB971E01958700F39D97 /* LaunchScreen.storyboard */ = {
			isa = PBXVariantGroup;
			children = (
				53C4BB981E01958700F39D97 /* Base */,
			);
			name = LaunchScreen.storyboard;
			sourceTree = "<group>";
		};
/* End PBXVariantGroup section */

/* Begin XCBuildConfiguration section */
		53C4BB9B1E01958700F39D97 /* Debug */ = {
			isa = XCBuildConfiguration;
			buildSettings = {
				ALWAYS_SEARCH_USER_PATHS = NO;
				CLANG_ANALYZER_NONNULL = YES;
				CLANG_CXX_LANGUAGE_STANDARD = "gnu++0x";
				CLANG_CXX_LIBRARY = "libc++";
				CLANG_ENABLE_MODULES = YES;
				CLANG_ENABLE_OBJC_ARC = YES;
				CLANG_WARN_BOOL_CONVERSION = YES;
				CLANG_WARN_CONSTANT_CONVERSION = YES;
				CLANG_WARN_DIRECT_OBJC_ISA_USAGE = YES_ERROR;
				CLANG_WARN_DOCUMENTATION_COMMENTS = YES;
				CLANG_WARN_EMPTY_BODY = YES;
				CLANG_WARN_ENUM_CONVERSION = YES;
				CLANG_WARN_INFINITE_RECURSION = YES;
				CLANG_WARN_INT_CONVERSION = YES;
				CLANG_WARN_OBJC_ROOT_CLASS = YES_ERROR;
				CLANG_WARN_SUSPICIOUS_MOVES = YES;
				CLANG_WARN_UNREACHABLE_CODE = YES;
				CLANG_WARN__DUPLICATE_METHOD_MATCH = YES;
				"CODE_SIGN_IDENTITY[sdk=iphoneos*]" = "iPhone Developer";
				COPY_PHASE_STRIP = NO;
				DEBUG_INFORMATION_FORMAT = dwarf;
				ENABLE_STRICT_OBJC_MSGSEND = YES;
				ENABLE_TESTABILITY = YES;
				GCC_C_LANGUAGE_STANDARD = gnu99;
				GCC_DYNAMIC_NO_PIC = NO;
				GCC_NO_COMMON_BLOCKS = YES;
				GCC_OPTIMIZATION_LEVEL = 0;
				GCC_PREPROCESSOR_DEFINITIONS = (
					"DEBUG=1",
					"$(inherited)",
				);
				GCC_WARN_64_TO_32_BIT_CONVERSION = YES;
				GCC_WARN_ABOUT_RETURN_TYPE = YES_ERROR;
				GCC_WARN_UNDECLARED_SELECTOR = YES;
				GCC_WARN_UNINITIALIZED_AUTOS = YES_AGGRESSIVE;
				GCC_WARN_UNUSED_FUNCTION = YES;
				GCC_WARN_UNUSED_VARIABLE = YES;
				IPHONEOS_DEPLOYMENT_TARGET = 10.1;
				MTL_ENABLE_DEBUG_INFO = YES;
				ONLY_ACTIVE_ARCH = YES;
				SDKROOT = iphoneos;
				SWIFT_ACTIVE_COMPILATION_CONDITIONS = DEBUG;
				SWIFT_OPTIMIZATION_LEVEL = "-Onone";
				TARGETED_DEVICE_FAMILY = "1,2";
			};
			name = Debug;
		};
		53C4BB9C1E01958700F39D97 /* Release */ = {
			isa = XCBuildConfiguration;
			buildSettings = {
				ALWAYS_SEARCH_USER_PATHS = NO;
				CLANG_ANALYZER_NONNULL = YES;
				CLANG_CXX_LANGUAGE_STANDARD = "gnu++0x";
				CLANG_CXX_LIBRARY = "libc++";
				CLANG_ENABLE_MODULES = YES;
				CLANG_ENABLE_OBJC_ARC = YES;
				CLANG_WARN_BOOL_CONVERSION = YES;
				CLANG_WARN_CONSTANT_CONVERSION = YES;
				CLANG_WARN_DIRECT_OBJC_ISA_USAGE = YES_ERROR;
				CLANG_WARN_DOCUMENTATION_COMMENTS = YES;
				CLANG_WARN_EMPTY_BODY = YES;
				CLANG_WARN_ENUM_CONVERSION = YES;
				CLANG_WARN_INFINITE_RECURSION = YES;
				CLANG_WARN_INT_CONVERSION = YES;
				CLANG_WARN_OBJC_ROOT_CLASS = YES_ERROR;
				CLANG_WARN_SUSPICIOUS_MOVES = YES;
				CLANG_WARN_UNREACHABLE_CODE = YES;
				CLANG_WARN__DUPLICATE_METHOD_MATCH = YES;
				"CODE_SIGN_IDENTITY[sdk=iphoneos*]" = "iPhone Developer";
				COPY_PHASE_STRIP = NO;
				DEBUG_INFORMATION_FORMAT = "dwarf-with-dsym";
				ENABLE_NS_ASSERTIONS = NO;
				ENABLE_STRICT_OBJC_MSGSEND = YES;
				GCC_C_LANGUAGE_STANDARD = gnu99;
				GCC_NO_COMMON_BLOCKS = YES;
				GCC_WARN_64_TO_32_BIT_CONVERSION = YES;
				GCC_WARN_ABOUT_RETURN_TYPE = YES_ERROR;
				GCC_WARN_UNDECLARED_SELECTOR = YES;
				GCC_WARN_UNINITIALIZED_AUTOS = YES_AGGRESSIVE;
				GCC_WARN_UNUSED_FUNCTION = YES;
				GCC_WARN_UNUSED_VARIABLE = YES;
				IPHONEOS_DEPLOYMENT_TARGET = 10.1;
				MTL_ENABLE_DEBUG_INFO = NO;
				SDKROOT = iphoneos;
				SWIFT_OPTIMIZATION_LEVEL = "-Owholemodule";
				TARGETED_DEVICE_FAMILY = "1,2";
				VALIDATE_PRODUCT = YES;
			};
			name = Release;
		};
		53C4BB9E1E01958700F39D97 /* Debug */ = {
			isa = XCBuildConfiguration;
			buildSettings = {
				ASSETCATALOG_COMPILER_APPICON_NAME = AppIcon;
				FRAMEWORK_SEARCH_PATHS = (
					"$(inherited)",
					"$(PROJECT_DIR)",
				);
				INFOPLIST_FILE = Hummingbird/Info.plist;
				LD_RUNPATH_SEARCH_PATHS = "$(inherited) @executable_path/Frameworks";
				PRODUCT_BUNDLE_IDENTIFIER = com.example.Hummingbird;
				PRODUCT_NAME = "$(TARGET_NAME)";
				SWIFT_VERSION = 3.0;
			};
			name = Debug;
		};
		53C4BB9F1E01958700F39D97 /* Release */ = {
			isa = XCBuildConfiguration;
			buildSettings = {
				ASSETCATALOG_COMPILER_APPICON_NAME = AppIcon;
				FRAMEWORK_SEARCH_PATHS = (
					"$(inherited)",
					"$(PROJECT_DIR)",
				);
				INFOPLIST_FILE = Hummingbird/Info.plist;
				LD_RUNPATH_SEARCH_PATHS = "$(inherited) @executable_path/Frameworks";
				PRODUCT_BUNDLE_IDENTIFIER = com.example.Hummingbird;
				PRODUCT_NAME = "$(TARGET_NAME)";
				SWIFT_VERSION = 3.0;
			};
			name = Release;
		};
/* End XCBuildConfiguration section */

/* Begin XCConfigurationList section */
		53C4BB861E01958700F39D97 /* Build configuration list for PBXProject "Hummingbird" */ = {
			isa = XCConfigurationList;
			buildConfigurations = (
				53C4BB9B1E01958700F39D97 /* Debug */,
				53C4BB9C1E01958700F39D97 /* Release */,
			);
			defaultConfigurationIsVisible = 0;
			defaultConfigurationName = Release;
		};
		53C4BB9D1E01958700F39D97 /* Build configuration list for PBXNativeTarget "Hummingbird" */ = {
			isa = XCConfigurationList;
			buildConfigurations = (
				53C4BB9E1E01958700F39D97 /* Debug */,
				53C4BB9F1E01958700F39D97 /* Release */,
			);
			defaultConfigurationIsVisible = 0;
			defaultConfigurationName = Release;
		};
/* End XCConfigurationList section */
	};
	rootObject = 53C4BB831E01958700F39D97 /* Project object */;
}
